
Microsoft Visual Studio Solution File, Format Version 12.00
# Visual Studio Version 16
VisualStudioVersion = 16.0.31205.134
MinimumVisualStudioVersion = 10.0.40219.1
Project("{FAE04EC0-301F-11D3-BF4B-00C04F79EFBC}") = "AS2021_4H_TPSIT_BartoliniLiam_Calcolatrice", "AS2021_4H_TPSIT_BartoliniLiam_Calcolatrice\AS2021_4H_TPSIT_BartoliniLiam_Calcolatrice.csproj", "{A23A41E7-56C0-4F5F-9049-99CF019F6452}"
EndProject
Project("{FAE04EC0-301F-11D3-BF4B-00C04F79EFBC}") = "CalcolatriceTest", "CalcolatriceTest\CalcolatriceTest.csproj", "{C975AD2C-EB6B-4A84-9E97-A012630EC42A}"
EndProject
Project("{FAE04EC0-301F-11D3-BF4B-00C04F79EFBC}") = "test", "test\test.csproj", "{F9D78954-6D76-4445-90F8-06E1C3D4CAAE}"
EndProject
Global
	GlobalSection(SolutionConfigurationPlatforms) = preSolution
		Debug|Any CPU = Debug|Any CPU
		Release|Any CPU = Release|Any CPU
	EndGlobalSection
	GlobalSection(ProjectConfigurationPlatforms) = postSolution
		{A23A41E7-56C0-4F5F-9049-99CF019F6452}.Debug|Any CPU.ActiveCfg = Debug|Any CPU
		{A23A41E7-56C0-4F5F-9049-99CF019F6452}.Debug|Any CPU.Build.0 = Debug|Any CPU
		{A23A41E7-56C0-4F5F-9049-99CF019F6452}.Release|Any CPU.ActiveCfg = Release|Any CPU
		{A23A41E7-56C0-4F5F-9049-99CF019F6452}.Release|Any CPU.Build.0 = Release|Any CPU
		{C975AD2C-EB6B-4A84-9E97-A012630EC42A}.Debug|Any CPU.ActiveCfg = Debug|Any CPU
		{C975AD2C-EB6B-4A84-9E97-A012630EC42A}.Debug|Any CPU.Build.0 = Debug|Any CPU
		{C975AD2C-EB6B-4A84-9E97-A012630EC42A}.Release|Any CPU.ActiveCfg = Release|Any CPU
		{C975AD2C-EB6B-4A84-9E97-A012630EC42A}.Release|Any CPU.Build.0 = Release|Any CPU
		{F9D78954-6D76-4445-90F8-06E1C3D4CAAE}.Debug|Any CPU.ActiveCfg = Debug|Any CPU
		{F9D78954-6D76-4445-90F8-06E1C3D4CAAE}.Debug|Any CPU.Build.0 = Debug|Any CPU
		{F9D78954-6D76-4445-90F8-06E1C3D4CAAE}.Release|Any CPU.ActiveCfg = Release|Any CPU
		{F9D78954-6D76-4445-90F8-06E1C3D4CAAE}.Release|Any CPU.Build.0 = Release|Any CPU
	EndGlobalSection
	GlobalSection(SolutionProperties) = preSolution
		HideSolutionNode = FALSE
	EndGlobalSection
	GlobalSection(ExtensibilityGlobals) = postSolution
		SolutionGuid = {A302C37E-5284-4C10-8E3C-E3F24983746D}
	EndGlobalSection
EndGlobal
